
Microsoft Visual Studio Solution File, Format Version 12.00
Project("{2150E333-8FDC-42A3-9474-1A3956D46DE8}") = "MassTransit", "MassTransit", "{8E838322-09D8-43CA-B809-0CEDE7B8F0DB}"
EndProject
Project("{FAE04EC0-301F-11D3-BF4B-00C04F79EFBC}") = "MassTransit.Publisher", "MassTransit\MassTransit.Publisher\MassTransit.Publisher.csproj", "{F750E067-B565-4890-B772-676A43434934}"
EndProject
Project("{FAE04EC0-301F-11D3-BF4B-00C04F79EFBC}") = "MassTransit.Consumer", "MassTransit\MassTransit.Consumer\MassTransit.Consumer.csproj", "{50BBDCD8-427D-4626-B9CA-D55C3EC83EC3}"
EndProject
Project("{FAE04EC0-301F-11D3-BF4B-00C04F79EFBC}") = "Combinatorics", "Combinatorics\Combinatorics.csproj", "{2444C7AC-539F-40DF-A542-2B2704E818CD}"
EndProject
Project("{FAE04EC0-301F-11D3-BF4B-00C04F79EFBC}") = "FSM", "FSM\FSM.csproj", "{EF2F6CA8-6231-431B-BBBF-FF3590E88622}"
EndProject
Project("{FAE04EC0-301F-11D3-BF4B-00C04F79EFBC}") = "Reactive", "Reactive\Reactive.csproj", "{0EDB6351-DCB9-4551-AD8C-1E7DF8639BA2}"
EndProject
Project("{FAE04EC0-301F-11D3-BF4B-00C04F79EFBC}") = "ReactiveFSM", "ReactiveFSM\ReactiveFSM.csproj", "{96AE9154-1888-4785-8147-C0983B79018D}"
EndProject
Project("{FAE04EC0-301F-11D3-BF4B-00C04F79EFBC}") = "ReactiveStateless", "ReactiveStateless\ReactiveStateless.csproj", "{CCD82973-2D92-435D-BAC5-5D46CDFABED0}"
EndProject
Project("{FAE04EC0-301F-11D3-BF4B-00C04F79EFBC}") = "Throttle", "Throttle\Throttle.csproj", "{B622512E-5A8F-4AD3-800C-F1F99FE44C29}"
EndProject
Project("{FAE04EC0-301F-11D3-BF4B-00C04F79EFBC}") = "Guid", "Guid\Guid.csproj", "{1657B4BC-5C3A-4BF5-92B2-A37851092B77}"
EndProject
Project("{FAE04EC0-301F-11D3-BF4B-00C04F79EFBC}") = "AutomapperJsonConvertor", "AutomapperJsonConvertor\AutomapperJsonConvertor.csproj", "{C5ED5C9F-519A-431C-8F71-007681D0F825}"
EndProject
Project("{2150E333-8FDC-42A3-9474-1A3956D46DE8}") = "Performance", "Performance", "{B8DFCC43-DF4F-4A2B-AA62-C171F49A855B}"
EndProject
Project("{FAE04EC0-301F-11D3-BF4B-00C04F79EFBC}") = "IfElse", "IfElse\IfElse.csproj", "{C0101822-F720-4EB1-8457-CC4DDB784EA8}"
EndProject
Project("{FAE04EC0-301F-11D3-BF4B-00C04F79EFBC}") = "RefVariable", "RefVariable\RefVariable.csproj", "{9D2A595D-EC5E-4ED8-AC44-7D2608CF7947}"
EndProject
Project("{FAE04EC0-301F-11D3-BF4B-00C04F79EFBC}") = "SystemJson", "SystemJson\SystemJson.csproj", "{A3792E36-2C98-4B16-9EB9-AA5F85C7CBFA}"
EndProject
Project("{FAE04EC0-301F-11D3-BF4B-00C04F79EFBC}") = "Prometheus", "Prometheus\Prometheus.csproj", "{AFE3A7F4-0CE5-4059-B86B-B0248D5A4067}"
EndProject
Project("{FAE04EC0-301F-11D3-BF4B-00C04F79EFBC}") = "Linq", "Linq\Linq.csproj", "{6448C2AA-555E-43F8-94B1-6762917110CF}"
EndProject
Project("{FAE04EC0-301F-11D3-BF4B-00C04F79EFBC}") = "EPPlusDemo", "EPPlusDemo\EPPlusDemo.csproj", "{ADCC1FB8-5444-4C8F-B042-68D896081F23}"
EndProject
Project("{FAE04EC0-301F-11D3-BF4B-00C04F79EFBC}") = "USBDevicesV1", "USBDevicesV1\USBDevicesV1.csproj", "{8751662B-9E01-4A79-B17E-0037DDEF9E44}"
EndProject
Project("{FAE04EC0-301F-11D3-BF4B-00C04F79EFBC}") = "XiaomiSmartGateway", "XiaomiSmartGateway\XiaomiSmartGateway.csproj", "{3EAF427C-8F80-44F0-9A63-FC60B57A5D02}"
EndProject
Project("{FAE04EC0-301F-11D3-BF4B-00C04F79EFBC}") = "GpSpanGenerator", "GpSpanGenerator\GpSpanGenerator.csproj", "{DA194C6E-7EBF-46B7-90A0-3CE3A38699AA}"
EndProject
Project("{FAE04EC0-301F-11D3-BF4B-00C04F79EFBC}") = "MonadicParsersCombinators", "MonadicParsersCombinators\MonadicParsersCombinators.csproj", "{6FA2818C-131D-436E-8DC6-FCCE22DD4B78}"
EndProject
Project("{FAE04EC0-301F-11D3-BF4B-00C04F79EFBC}") = "XMLdemo", "XMLdemo\XMLdemo.csproj", "{BBE97C1C-0A5A-4538-8607-AC9E7FCB5AD4}"
EndProject
Project("{FAE04EC0-301F-11D3-BF4B-00C04F79EFBC}") = "ConsoleApp", "ConsoleApp\ConsoleApp.csproj", "{B98C9442-C043-49FD-924F-AB6312650B2D}"
EndProject
Project("{FAE04EC0-301F-11D3-BF4B-00C04F79EFBC}") = "Viber.Bot", "Viber.Bot\Viber.Bot.csproj", "{B5618AC9-156E-4F66-A658-EB8EDCA83F37}"
EndProject
Project("{FAE04EC0-301F-11D3-BF4B-00C04F79EFBC}") = "Viber.Bot.Tests", "Viber.Bot.Tests\Viber.Bot.Tests.csproj", "{CDA23C51-3392-4CFA-9B46-73C2DCB1FA67}"
EndProject
Project("{FAE04EC0-301F-11D3-BF4B-00C04F79EFBC}") = "gb.grpc.client", "gb.grpc.client\gb.grpc.client.csproj", "{C74B741E-E32F-47F4-B48C-B4CA6F566832}"
EndProject
Project("{FAE04EC0-301F-11D3-BF4B-00C04F79EFBC}") = "Facility", "Facility\Facility.csproj", "{1508CCA0-3728-44DC-BE2E-629FC91F4791}"
EndProject
Project("{FAE04EC0-301F-11D3-BF4B-00C04F79EFBC}") = "SlotMachine1", "SlotMachine1\SlotMachine1.csproj", "{3B2A0177-FC66-4957-8554-B9DE8B239819}"
EndProject
Project("{FAE04EC0-301F-11D3-BF4B-00C04F79EFBC}") = "StateMachine2", "StateMachine2\StateMachine2.csproj", "{20394D2D-C923-4933-942A-51373240D85D}"
EndProject
Project("{FAE04EC0-301F-11D3-BF4B-00C04F79EFBC}") = "StateMachine2.Tests", "StateMachine2.Tests\StateMachine2.Tests.csproj", "{DF705EB1-D3B1-47E2-944A-D20681278F4A}"
EndProject
Project("{FAE04EC0-301F-11D3-BF4B-00C04F79EFBC}") = "BulletHitChance1", "BulletHitChance1\BulletHitChance1.csproj", "{DF0EE242-4710-47C4-9C5D-BBAC7DA6361A}"
EndProject
Project("{FAE04EC0-301F-11D3-BF4B-00C04F79EFBC}") = "R2D2.1", "R2D2.1\R2D2.1.csproj", "{1BDED664-2AEB-4273-94E9-29717BAE302E}"
EndProject
Project("{FAE04EC0-301F-11D3-BF4B-00C04F79EFBC}") = "R2D2.2", "R2D2.2\R2D2.2.csproj", "{E0E47791-5BAF-4403-B0C4-7B540AAE9B8E}"
EndProject
Project("{FAE04EC0-301F-11D3-BF4B-00C04F79EFBC}") = "RotationOfTheArrow1", "RotationOfTheArrow1\RotationOfTheArrow1.csproj", "{51222712-449C-40F2-81D5-2A88E857B627}"
EndProject
Project("{FAE04EC0-301F-11D3-BF4B-00C04F79EFBC}") = "RotationOfTheArrow2", "RotationOfTheArrow2\RotationOfTheArrow2.csproj", "{7C9A5F7F-6796-4CB4-B1B2-74CA2C68F1FA}"
EndProject
Project("{FAE04EC0-301F-11D3-BF4B-00C04F79EFBC}") = "ZX-Spectrum-128", "ZX-Spectrum-128\ZX-Spectrum-128.csproj", "{BF353874-1036-42E6-9FD8-403F8CAA976E}"
EndProject
Project("{FAE04EC0-301F-11D3-BF4B-00C04F79EFBC}") = "ConsoleMenu", "ConsoleMenu\ConsoleMenu.csproj", "{60743B36-0B9B-4C21-B22D-8B6DD71AE5BA}"
EndProject
Project("{FAE04EC0-301F-11D3-BF4B-00C04F79EFBC}") = "AI-Agent", "AI-Agent\AI-Agent.csproj", "{EE98DF3A-40F4-4D01-8C7C-1357D666E883}"
EndProject
Project("{FAE04EC0-301F-11D3-BF4B-00C04F79EFBC}") = "SHDnetV1", "SHDnetV1\SHDnetV1.csproj", "{AE3A4AC1-AA2C-4FAF-96D4-CE271D588C77}"
EndProject
Project("{FAE04EC0-301F-11D3-BF4B-00C04F79EFBC}") = "SHDnetV2", "SHDnetV2\SHDnetV2.csproj", "{2A615B36-E3D6-4376-B54D-EE452A8172B4}"
EndProject
Project("{FAE04EC0-301F-11D3-BF4B-00C04F79EFBC}") = "MassTransit.FSM", "MassTransit.FSM\MassTransit.FSM.csproj", "{A573F1D4-7787-4D66-8994-D1408C4A1B8C}"
EndProject
Project("{FAE04EC0-301F-11D3-BF4B-00C04F79EFBC}") = "MassTransit.Common", "MassTransit.Common\MassTransit.Common.csproj", "{6C20E22F-D27A-442F-BF8A-A358A62A7F4A}"
EndProject
Project("{FAE04EC0-301F-11D3-BF4B-00C04F79EFBC}") = "ApiClientExample", "ApiClientExample\ApiClientExample.csproj", "{70E6D879-9546-45D6-A6EB-B9BE10F72DDD}"
EndProject
Project("{FAE04EC0-301F-11D3-BF4B-00C04F79EFBC}") = "UiConsoleMenu", "UiConsoleMenu\UiConsoleMenu.csproj", "{785DA777-C138-4E13-9E36-0F47C95AD530}"
EndProject
Project("{FAE04EC0-301F-11D3-BF4B-00C04F79EFBC}") = "PiGenerator", "PiGenerator\PiGenerator.csproj", "{A0C07F50-EF9F-4E0B-B24C-0F7408DF8745}"
EndProject
Global
	GlobalSection(SolutionConfigurationPlatforms) = preSolution
		Debug|Any CPU = Debug|Any CPU
		Release|Any CPU = Release|Any CPU
	EndGlobalSection
	GlobalSection(ProjectConfigurationPlatforms) = postSolution
		{F750E067-B565-4890-B772-676A43434934}.Debug|Any CPU.ActiveCfg = Debug|Any CPU
		{F750E067-B565-4890-B772-676A43434934}.Debug|Any CPU.Build.0 = Debug|Any CPU
		{F750E067-B565-4890-B772-676A43434934}.Release|Any CPU.ActiveCfg = Release|Any CPU
		{F750E067-B565-4890-B772-676A43434934}.Release|Any CPU.Build.0 = Release|Any CPU
		{50BBDCD8-427D-4626-B9CA-D55C3EC83EC3}.Debug|Any CPU.ActiveCfg = Debug|Any CPU
		{50BBDCD8-427D-4626-B9CA-D55C3EC83EC3}.Debug|Any CPU.Build.0 = Debug|Any CPU
		{50BBDCD8-427D-4626-B9CA-D55C3EC83EC3}.Release|Any CPU.ActiveCfg = Release|Any CPU
		{50BBDCD8-427D-4626-B9CA-D55C3EC83EC3}.Release|Any CPU.Build.0 = Release|Any CPU
		{2444C7AC-539F-40DF-A542-2B2704E818CD}.Debug|Any CPU.ActiveCfg = Debug|Any CPU
		{2444C7AC-539F-40DF-A542-2B2704E818CD}.Debug|Any CPU.Build.0 = Debug|Any CPU
		{2444C7AC-539F-40DF-A542-2B2704E818CD}.Release|Any CPU.ActiveCfg = Release|Any CPU
		{2444C7AC-539F-40DF-A542-2B2704E818CD}.Release|Any CPU.Build.0 = Release|Any CPU
		{EF2F6CA8-6231-431B-BBBF-FF3590E88622}.Debug|Any CPU.ActiveCfg = Debug|Any CPU
		{EF2F6CA8-6231-431B-BBBF-FF3590E88622}.Debug|Any CPU.Build.0 = Debug|Any CPU
		{EF2F6CA8-6231-431B-BBBF-FF3590E88622}.Release|Any CPU.ActiveCfg = Release|Any CPU
		{EF2F6CA8-6231-431B-BBBF-FF3590E88622}.Release|Any CPU.Build.0 = Release|Any CPU
		{0EDB6351-DCB9-4551-AD8C-1E7DF8639BA2}.Debug|Any CPU.ActiveCfg = Debug|Any CPU
		{0EDB6351-DCB9-4551-AD8C-1E7DF8639BA2}.Debug|Any CPU.Build.0 = Debug|Any CPU
		{0EDB6351-DCB9-4551-AD8C-1E7DF8639BA2}.Release|Any CPU.ActiveCfg = Release|Any CPU
		{0EDB6351-DCB9-4551-AD8C-1E7DF8639BA2}.Release|Any CPU.Build.0 = Release|Any CPU
		{96AE9154-1888-4785-8147-C0983B79018D}.Debug|Any CPU.ActiveCfg = Debug|Any CPU
		{96AE9154-1888-4785-8147-C0983B79018D}.Debug|Any CPU.Build.0 = Debug|Any CPU
		{96AE9154-1888-4785-8147-C0983B79018D}.Release|Any CPU.ActiveCfg = Release|Any CPU
		{96AE9154-1888-4785-8147-C0983B79018D}.Release|Any CPU.Build.0 = Release|Any CPU
		{CCD82973-2D92-435D-BAC5-5D46CDFABED0}.Debug|Any CPU.ActiveCfg = Debug|Any CPU
		{CCD82973-2D92-435D-BAC5-5D46CDFABED0}.Debug|Any CPU.Build.0 = Debug|Any CPU
		{CCD82973-2D92-435D-BAC5-5D46CDFABED0}.Release|Any CPU.ActiveCfg = Release|Any CPU
		{CCD82973-2D92-435D-BAC5-5D46CDFABED0}.Release|Any CPU.Build.0 = Release|Any CPU
		{B622512E-5A8F-4AD3-800C-F1F99FE44C29}.Debug|Any CPU.ActiveCfg = Debug|Any CPU
		{B622512E-5A8F-4AD3-800C-F1F99FE44C29}.Debug|Any CPU.Build.0 = Debug|Any CPU
		{B622512E-5A8F-4AD3-800C-F1F99FE44C29}.Release|Any CPU.ActiveCfg = Release|Any CPU
		{B622512E-5A8F-4AD3-800C-F1F99FE44C29}.Release|Any CPU.Build.0 = Release|Any CPU
		{1657B4BC-5C3A-4BF5-92B2-A37851092B77}.Debug|Any CPU.ActiveCfg = Debug|Any CPU
		{1657B4BC-5C3A-4BF5-92B2-A37851092B77}.Debug|Any CPU.Build.0 = Debug|Any CPU
		{1657B4BC-5C3A-4BF5-92B2-A37851092B77}.Release|Any CPU.ActiveCfg = Release|Any CPU
		{1657B4BC-5C3A-4BF5-92B2-A37851092B77}.Release|Any CPU.Build.0 = Release|Any CPU
		{C5ED5C9F-519A-431C-8F71-007681D0F825}.Debug|Any CPU.ActiveCfg = Debug|Any CPU
		{C5ED5C9F-519A-431C-8F71-007681D0F825}.Debug|Any CPU.Build.0 = Debug|Any CPU
		{C5ED5C9F-519A-431C-8F71-007681D0F825}.Release|Any CPU.ActiveCfg = Release|Any CPU
		{C5ED5C9F-519A-431C-8F71-007681D0F825}.Release|Any CPU.Build.0 = Release|Any CPU
		{C0101822-F720-4EB1-8457-CC4DDB784EA8}.Debug|Any CPU.ActiveCfg = Debug|Any CPU
		{C0101822-F720-4EB1-8457-CC4DDB784EA8}.Debug|Any CPU.Build.0 = Debug|Any CPU
		{C0101822-F720-4EB1-8457-CC4DDB784EA8}.Release|Any CPU.ActiveCfg = Release|Any CPU
		{C0101822-F720-4EB1-8457-CC4DDB784EA8}.Release|Any CPU.Build.0 = Release|Any CPU
		{9D2A595D-EC5E-4ED8-AC44-7D2608CF7947}.Debug|Any CPU.ActiveCfg = Debug|Any CPU
		{9D2A595D-EC5E-4ED8-AC44-7D2608CF7947}.Debug|Any CPU.Build.0 = Debug|Any CPU
		{9D2A595D-EC5E-4ED8-AC44-7D2608CF7947}.Release|Any CPU.ActiveCfg = Release|Any CPU
		{9D2A595D-EC5E-4ED8-AC44-7D2608CF7947}.Release|Any CPU.Build.0 = Release|Any CPU
		{A3792E36-2C98-4B16-9EB9-AA5F85C7CBFA}.Debug|Any CPU.ActiveCfg = Debug|Any CPU
		{A3792E36-2C98-4B16-9EB9-AA5F85C7CBFA}.Debug|Any CPU.Build.0 = Debug|Any CPU
		{A3792E36-2C98-4B16-9EB9-AA5F85C7CBFA}.Release|Any CPU.ActiveCfg = Release|Any CPU
		{A3792E36-2C98-4B16-9EB9-AA5F85C7CBFA}.Release|Any CPU.Build.0 = Release|Any CPU
		{AFE3A7F4-0CE5-4059-B86B-B0248D5A4067}.Debug|Any CPU.ActiveCfg = Debug|Any CPU
		{AFE3A7F4-0CE5-4059-B86B-B0248D5A4067}.Debug|Any CPU.Build.0 = Debug|Any CPU
		{AFE3A7F4-0CE5-4059-B86B-B0248D5A4067}.Release|Any CPU.ActiveCfg = Release|Any CPU
		{AFE3A7F4-0CE5-4059-B86B-B0248D5A4067}.Release|Any CPU.Build.0 = Release|Any CPU
		{6448C2AA-555E-43F8-94B1-6762917110CF}.Debug|Any CPU.ActiveCfg = Debug|Any CPU
		{6448C2AA-555E-43F8-94B1-6762917110CF}.Debug|Any CPU.Build.0 = Debug|Any CPU
		{6448C2AA-555E-43F8-94B1-6762917110CF}.Release|Any CPU.ActiveCfg = Release|Any CPU
		{6448C2AA-555E-43F8-94B1-6762917110CF}.Release|Any CPU.Build.0 = Release|Any CPU
		{ADCC1FB8-5444-4C8F-B042-68D896081F23}.Debug|Any CPU.ActiveCfg = Debug|Any CPU
		{ADCC1FB8-5444-4C8F-B042-68D896081F23}.Debug|Any CPU.Build.0 = Debug|Any CPU
		{ADCC1FB8-5444-4C8F-B042-68D896081F23}.Release|Any CPU.ActiveCfg = Release|Any CPU
		{ADCC1FB8-5444-4C8F-B042-68D896081F23}.Release|Any CPU.Build.0 = Release|Any CPU
		{8751662B-9E01-4A79-B17E-0037DDEF9E44}.Debug|Any CPU.ActiveCfg = Debug|Any CPU
		{8751662B-9E01-4A79-B17E-0037DDEF9E44}.Debug|Any CPU.Build.0 = Debug|Any CPU
		{8751662B-9E01-4A79-B17E-0037DDEF9E44}.Release|Any CPU.ActiveCfg = Release|Any CPU
		{8751662B-9E01-4A79-B17E-0037DDEF9E44}.Release|Any CPU.Build.0 = Release|Any CPU
		{3EAF427C-8F80-44F0-9A63-FC60B57A5D02}.Debug|Any CPU.ActiveCfg = Debug|Any CPU
		{3EAF427C-8F80-44F0-9A63-FC60B57A5D02}.Debug|Any CPU.Build.0 = Debug|Any CPU
		{3EAF427C-8F80-44F0-9A63-FC60B57A5D02}.Release|Any CPU.ActiveCfg = Release|Any CPU
		{3EAF427C-8F80-44F0-9A63-FC60B57A5D02}.Release|Any CPU.Build.0 = Release|Any CPU
		{DA194C6E-7EBF-46B7-90A0-3CE3A38699AA}.Debug|Any CPU.ActiveCfg = Debug|Any CPU
		{DA194C6E-7EBF-46B7-90A0-3CE3A38699AA}.Debug|Any CPU.Build.0 = Debug|Any CPU
		{DA194C6E-7EBF-46B7-90A0-3CE3A38699AA}.Release|Any CPU.ActiveCfg = Release|Any CPU
		{DA194C6E-7EBF-46B7-90A0-3CE3A38699AA}.Release|Any CPU.Build.0 = Release|Any CPU
		{6FA2818C-131D-436E-8DC6-FCCE22DD4B78}.Debug|Any CPU.ActiveCfg = Debug|Any CPU
		{6FA2818C-131D-436E-8DC6-FCCE22DD4B78}.Debug|Any CPU.Build.0 = Debug|Any CPU
		{6FA2818C-131D-436E-8DC6-FCCE22DD4B78}.Release|Any CPU.ActiveCfg = Release|Any CPU
		{6FA2818C-131D-436E-8DC6-FCCE22DD4B78}.Release|Any CPU.Build.0 = Release|Any CPU
		{BBE97C1C-0A5A-4538-8607-AC9E7FCB5AD4}.Debug|Any CPU.ActiveCfg = Debug|Any CPU
		{BBE97C1C-0A5A-4538-8607-AC9E7FCB5AD4}.Debug|Any CPU.Build.0 = Debug|Any CPU
		{BBE97C1C-0A5A-4538-8607-AC9E7FCB5AD4}.Release|Any CPU.ActiveCfg = Release|Any CPU
		{BBE97C1C-0A5A-4538-8607-AC9E7FCB5AD4}.Release|Any CPU.Build.0 = Release|Any CPU
		{B98C9442-C043-49FD-924F-AB6312650B2D}.Debug|Any CPU.ActiveCfg = Debug|Any CPU
		{B98C9442-C043-49FD-924F-AB6312650B2D}.Debug|Any CPU.Build.0 = Debug|Any CPU
		{B98C9442-C043-49FD-924F-AB6312650B2D}.Release|Any CPU.ActiveCfg = Release|Any CPU
		{B98C9442-C043-49FD-924F-AB6312650B2D}.Release|Any CPU.Build.0 = Release|Any CPU
		{B5618AC9-156E-4F66-A658-EB8EDCA83F37}.Debug|Any CPU.ActiveCfg = Debug|Any CPU
		{B5618AC9-156E-4F66-A658-EB8EDCA83F37}.Debug|Any CPU.Build.0 = Debug|Any CPU
		{B5618AC9-156E-4F66-A658-EB8EDCA83F37}.Release|Any CPU.ActiveCfg = Release|Any CPU
		{B5618AC9-156E-4F66-A658-EB8EDCA83F37}.Release|Any CPU.Build.0 = Release|Any CPU
		{CDA23C51-3392-4CFA-9B46-73C2DCB1FA67}.Debug|Any CPU.ActiveCfg = Debug|Any CPU
		{CDA23C51-3392-4CFA-9B46-73C2DCB1FA67}.Debug|Any CPU.Build.0 = Debug|Any CPU
		{CDA23C51-3392-4CFA-9B46-73C2DCB1FA67}.Release|Any CPU.ActiveCfg = Release|Any CPU
		{CDA23C51-3392-4CFA-9B46-73C2DCB1FA67}.Release|Any CPU.Build.0 = Release|Any CPU
		{C74B741E-E32F-47F4-B48C-B4CA6F566832}.Debug|Any CPU.ActiveCfg = Debug|Any CPU
		{C74B741E-E32F-47F4-B48C-B4CA6F566832}.Debug|Any CPU.Build.0 = Debug|Any CPU
		{C74B741E-E32F-47F4-B48C-B4CA6F566832}.Release|Any CPU.ActiveCfg = Release|Any CPU
		{C74B741E-E32F-47F4-B48C-B4CA6F566832}.Release|Any CPU.Build.0 = Release|Any CPU
		{1508CCA0-3728-44DC-BE2E-629FC91F4791}.Debug|Any CPU.ActiveCfg = Debug|Any CPU
		{1508CCA0-3728-44DC-BE2E-629FC91F4791}.Debug|Any CPU.Build.0 = Debug|Any CPU
		{1508CCA0-3728-44DC-BE2E-629FC91F4791}.Release|Any CPU.ActiveCfg = Release|Any CPU
		{1508CCA0-3728-44DC-BE2E-629FC91F4791}.Release|Any CPU.Build.0 = Release|Any CPU
		{3B2A0177-FC66-4957-8554-B9DE8B239819}.Debug|Any CPU.ActiveCfg = Debug|Any CPU
		{3B2A0177-FC66-4957-8554-B9DE8B239819}.Debug|Any CPU.Build.0 = Debug|Any CPU
		{3B2A0177-FC66-4957-8554-B9DE8B239819}.Release|Any CPU.ActiveCfg = Release|Any CPU
		{3B2A0177-FC66-4957-8554-B9DE8B239819}.Release|Any CPU.Build.0 = Release|Any CPU
		{20394D2D-C923-4933-942A-51373240D85D}.Debug|Any CPU.ActiveCfg = Debug|Any CPU
		{20394D2D-C923-4933-942A-51373240D85D}.Debug|Any CPU.Build.0 = Debug|Any CPU
		{20394D2D-C923-4933-942A-51373240D85D}.Release|Any CPU.ActiveCfg = Release|Any CPU
		{20394D2D-C923-4933-942A-51373240D85D}.Release|Any CPU.Build.0 = Release|Any CPU
		{DF705EB1-D3B1-47E2-944A-D20681278F4A}.Debug|Any CPU.ActiveCfg = Debug|Any CPU
		{DF705EB1-D3B1-47E2-944A-D20681278F4A}.Debug|Any CPU.Build.0 = Debug|Any CPU
		{DF705EB1-D3B1-47E2-944A-D20681278F4A}.Release|Any CPU.ActiveCfg = Release|Any CPU
		{DF705EB1-D3B1-47E2-944A-D20681278F4A}.Release|Any CPU.Build.0 = Release|Any CPU
		{DF0EE242-4710-47C4-9C5D-BBAC7DA6361A}.Debug|Any CPU.ActiveCfg = Debug|Any CPU
		{DF0EE242-4710-47C4-9C5D-BBAC7DA6361A}.Debug|Any CPU.Build.0 = Debug|Any CPU
		{DF0EE242-4710-47C4-9C5D-BBAC7DA6361A}.Release|Any CPU.ActiveCfg = Release|Any CPU
		{DF0EE242-4710-47C4-9C5D-BBAC7DA6361A}.Release|Any CPU.Build.0 = Release|Any CPU
		{1BDED664-2AEB-4273-94E9-29717BAE302E}.Debug|Any CPU.ActiveCfg = Debug|Any CPU
		{1BDED664-2AEB-4273-94E9-29717BAE302E}.Debug|Any CPU.Build.0 = Debug|Any CPU
		{1BDED664-2AEB-4273-94E9-29717BAE302E}.Release|Any CPU.ActiveCfg = Release|Any CPU
		{1BDED664-2AEB-4273-94E9-29717BAE302E}.Release|Any CPU.Build.0 = Release|Any CPU
		{E0E47791-5BAF-4403-B0C4-7B540AAE9B8E}.Debug|Any CPU.ActiveCfg = Debug|Any CPU
		{E0E47791-5BAF-4403-B0C4-7B540AAE9B8E}.Debug|Any CPU.Build.0 = Debug|Any CPU
		{E0E47791-5BAF-4403-B0C4-7B540AAE9B8E}.Release|Any CPU.ActiveCfg = Release|Any CPU
		{E0E47791-5BAF-4403-B0C4-7B540AAE9B8E}.Release|Any CPU.Build.0 = Release|Any CPU
		{51222712-449C-40F2-81D5-2A88E857B627}.Debug|Any CPU.ActiveCfg = Debug|Any CPU
		{51222712-449C-40F2-81D5-2A88E857B627}.Debug|Any CPU.Build.0 = Debug|Any CPU
		{51222712-449C-40F2-81D5-2A88E857B627}.Release|Any CPU.ActiveCfg = Release|Any CPU
		{51222712-449C-40F2-81D5-2A88E857B627}.Release|Any CPU.Build.0 = Release|Any CPU
		{7C9A5F7F-6796-4CB4-B1B2-74CA2C68F1FA}.Debug|Any CPU.ActiveCfg = Debug|Any CPU
		{7C9A5F7F-6796-4CB4-B1B2-74CA2C68F1FA}.Debug|Any CPU.Build.0 = Debug|Any CPU
		{7C9A5F7F-6796-4CB4-B1B2-74CA2C68F1FA}.Release|Any CPU.ActiveCfg = Release|Any CPU
		{7C9A5F7F-6796-4CB4-B1B2-74CA2C68F1FA}.Release|Any CPU.Build.0 = Release|Any CPU
		{BF353874-1036-42E6-9FD8-403F8CAA976E}.Debug|Any CPU.ActiveCfg = Debug|Any CPU
		{BF353874-1036-42E6-9FD8-403F8CAA976E}.Debug|Any CPU.Build.0 = Debug|Any CPU
		{BF353874-1036-42E6-9FD8-403F8CAA976E}.Release|Any CPU.ActiveCfg = Release|Any CPU
		{BF353874-1036-42E6-9FD8-403F8CAA976E}.Release|Any CPU.Build.0 = Release|Any CPU
		{60743B36-0B9B-4C21-B22D-8B6DD71AE5BA}.Debug|Any CPU.ActiveCfg = Debug|Any CPU
		{60743B36-0B9B-4C21-B22D-8B6DD71AE5BA}.Debug|Any CPU.Build.0 = Debug|Any CPU
		{60743B36-0B9B-4C21-B22D-8B6DD71AE5BA}.Release|Any CPU.ActiveCfg = Release|Any CPU
		{60743B36-0B9B-4C21-B22D-8B6DD71AE5BA}.Release|Any CPU.Build.0 = Release|Any CPU
		{EE98DF3A-40F4-4D01-8C7C-1357D666E883}.Debug|Any CPU.ActiveCfg = Debug|Any CPU
		{EE98DF3A-40F4-4D01-8C7C-1357D666E883}.Debug|Any CPU.Build.0 = Debug|Any CPU
		{EE98DF3A-40F4-4D01-8C7C-1357D666E883}.Release|Any CPU.ActiveCfg = Release|Any CPU
		{EE98DF3A-40F4-4D01-8C7C-1357D666E883}.Release|Any CPU.Build.0 = Release|Any CPU
		{AE3A4AC1-AA2C-4FAF-96D4-CE271D588C77}.Debug|Any CPU.ActiveCfg = Debug|Any CPU
		{AE3A4AC1-AA2C-4FAF-96D4-CE271D588C77}.Debug|Any CPU.Build.0 = Debug|Any CPU
		{AE3A4AC1-AA2C-4FAF-96D4-CE271D588C77}.Release|Any CPU.ActiveCfg = Release|Any CPU
		{AE3A4AC1-AA2C-4FAF-96D4-CE271D588C77}.Release|Any CPU.Build.0 = Release|Any CPU
		{2A615B36-E3D6-4376-B54D-EE452A8172B4}.Debug|Any CPU.ActiveCfg = Debug|Any CPU
		{2A615B36-E3D6-4376-B54D-EE452A8172B4}.Debug|Any CPU.Build.0 = Debug|Any CPU
		{2A615B36-E3D6-4376-B54D-EE452A8172B4}.Release|Any CPU.ActiveCfg = Release|Any CPU
		{2A615B36-E3D6-4376-B54D-EE452A8172B4}.Release|Any CPU.Build.0 = Release|Any CPU
		{A573F1D4-7787-4D66-8994-D1408C4A1B8C}.Debug|Any CPU.ActiveCfg = Debug|Any CPU
		{A573F1D4-7787-4D66-8994-D1408C4A1B8C}.Debug|Any CPU.Build.0 = Debug|Any CPU
		{A573F1D4-7787-4D66-8994-D1408C4A1B8C}.Release|Any CPU.ActiveCfg = Release|Any CPU
		{A573F1D4-7787-4D66-8994-D1408C4A1B8C}.Release|Any CPU.Build.0 = Release|Any CPU
		{6C20E22F-D27A-442F-BF8A-A358A62A7F4A}.Debug|Any CPU.ActiveCfg = Debug|Any CPU
		{6C20E22F-D27A-442F-BF8A-A358A62A7F4A}.Debug|Any CPU.Build.0 = Debug|Any CPU
		{6C20E22F-D27A-442F-BF8A-A358A62A7F4A}.Release|Any CPU.ActiveCfg = Release|Any CPU
		{6C20E22F-D27A-442F-BF8A-A358A62A7F4A}.Release|Any CPU.Build.0 = Release|Any CPU
		{70E6D879-9546-45D6-A6EB-B9BE10F72DDD}.Debug|Any CPU.ActiveCfg = Debug|Any CPU
		{70E6D879-9546-45D6-A6EB-B9BE10F72DDD}.Debug|Any CPU.Build.0 = Debug|Any CPU
		{70E6D879-9546-45D6-A6EB-B9BE10F72DDD}.Release|Any CPU.ActiveCfg = Release|Any CPU
		{70E6D879-9546-45D6-A6EB-B9BE10F72DDD}.Release|Any CPU.Build.0 = Release|Any CPU
		{785DA777-C138-4E13-9E36-0F47C95AD530}.Debug|Any CPU.ActiveCfg = Debug|Any CPU
		{785DA777-C138-4E13-9E36-0F47C95AD530}.Debug|Any CPU.Build.0 = Debug|Any CPU
		{785DA777-C138-4E13-9E36-0F47C95AD530}.Release|Any CPU.ActiveCfg = Release|Any CPU
		{785DA777-C138-4E13-9E36-0F47C95AD530}.Release|Any CPU.Build.0 = Release|Any CPU
		{A0C07F50-EF9F-4E0B-B24C-0F7408DF8745}.Debug|Any CPU.ActiveCfg = Debug|Any CPU
		{A0C07F50-EF9F-4E0B-B24C-0F7408DF8745}.Debug|Any CPU.Build.0 = Debug|Any CPU
		{A0C07F50-EF9F-4E0B-B24C-0F7408DF8745}.Release|Any CPU.ActiveCfg = Release|Any CPU
		{A0C07F50-EF9F-4E0B-B24C-0F7408DF8745}.Release|Any CPU.Build.0 = Release|Any CPU
	EndGlobalSection
	GlobalSection(NestedProjects) = preSolution
		{F750E067-B565-4890-B772-676A43434934} = {8E838322-09D8-43CA-B809-0CEDE7B8F0DB}
		{50BBDCD8-427D-4626-B9CA-D55C3EC83EC3} = {8E838322-09D8-43CA-B809-0CEDE7B8F0DB}
		{C0101822-F720-4EB1-8457-CC4DDB784EA8} = {B8DFCC43-DF4F-4A2B-AA62-C171F49A855B}
		{A573F1D4-7787-4D66-8994-D1408C4A1B8C} = {8E838322-09D8-43CA-B809-0CEDE7B8F0DB}
		{6C20E22F-D27A-442F-BF8A-A358A62A7F4A} = {8E838322-09D8-43CA-B809-0CEDE7B8F0DB}
	EndGlobalSection
EndGlobal
