
Microsoft Visual Studio Solution File, Format Version 12.00
Project("{2150E333-8FDC-42A3-9474-1A3956D46DE8}") = "MassTransit", "MassTransit", "{8E838322-09D8-43CA-B809-0CEDE7B8F0DB}"
EndProject
Project("{FAE04EC0-301F-11D3-BF4B-00C04F79EFBC}") = "MT_Publisher", "MassTransit\MT_Publisher\MT_Publisher.csproj", "{F750E067-B565-4890-B772-676A43434934}"
EndProject
Project("{FAE04EC0-301F-11D3-BF4B-00C04F79EFBC}") = "MT_Consumer", "MassTransit\MT_Consumer\MT_Consumer.csproj", "{50BBDCD8-427D-4626-B9CA-D55C3EC83EC3}"
EndProject
Project("{FAE04EC0-301F-11D3-BF4B-00C04F79EFBC}") = "Combinatorics", "Combinatorics\Combinatorics.csproj", "{2444C7AC-539F-40DF-A542-2B2704E818CD}"
EndProject
Project("{FAE04EC0-301F-11D3-BF4B-00C04F79EFBC}") = "FSM", "FSM\FSM.csproj", "{EF2F6CA8-6231-431B-BBBF-FF3590E88622}"
EndProject
Project("{FAE04EC0-301F-11D3-BF4B-00C04F79EFBC}") = "Reactive", "Reactive\Reactive.csproj", "{0EDB6351-DCB9-4551-AD8C-1E7DF8639BA2}"
EndProject
Project("{FAE04EC0-301F-11D3-BF4B-00C04F79EFBC}") = "ReactiveFSM", "ReactiveFSM\ReactiveFSM.csproj", "{96AE9154-1888-4785-8147-C0983B79018D}"
EndProject
Project("{FAE04EC0-301F-11D3-BF4B-00C04F79EFBC}") = "ReactiveStateless", "ReactiveStateless\ReactiveStateless.csproj", "{CCD82973-2D92-435D-BAC5-5D46CDFABED0}"
EndProject
Project("{FAE04EC0-301F-11D3-BF4B-00C04F79EFBC}") = "Throttle", "Throttle\Throttle.csproj", "{B622512E-5A8F-4AD3-800C-F1F99FE44C29}"
EndProject
Project("{FAE04EC0-301F-11D3-BF4B-00C04F79EFBC}") = "Guid", "Guid\Guid.csproj", "{1657B4BC-5C3A-4BF5-92B2-A37851092B77}"
EndProject
Project("{FAE04EC0-301F-11D3-BF4B-00C04F79EFBC}") = "AutomapperJsonConvertor", "AutomapperJsonConvertor\AutomapperJsonConvertor.csproj", "{C5ED5C9F-519A-431C-8F71-007681D0F825}"
EndProject
Project("{2150E333-8FDC-42A3-9474-1A3956D46DE8}") = "Performance", "Performance", "{B8DFCC43-DF4F-4A2B-AA62-C171F49A855B}"
EndProject
Project("{FAE04EC0-301F-11D3-BF4B-00C04F79EFBC}") = "IfElse", "IfElse\IfElse.csproj", "{C0101822-F720-4EB1-8457-CC4DDB784EA8}"
EndProject
Project("{FAE04EC0-301F-11D3-BF4B-00C04F79EFBC}") = "RefVariable", "RefVariable\RefVariable.csproj", "{9D2A595D-EC5E-4ED8-AC44-7D2608CF7947}"
EndProject
Project("{FAE04EC0-301F-11D3-BF4B-00C04F79EFBC}") = "SystemJson", "SystemJson\SystemJson.csproj", "{A3792E36-2C98-4B16-9EB9-AA5F85C7CBFA}"
EndProject
Project("{FAE04EC0-301F-11D3-BF4B-00C04F79EFBC}") = "Prometheus", "Prometheus\Prometheus.csproj", "{AFE3A7F4-0CE5-4059-B86B-B0248D5A4067}"
EndProject
Project("{FAE04EC0-301F-11D3-BF4B-00C04F79EFBC}") = "Linq", "Linq\Linq.csproj", "{6448C2AA-555E-43F8-94B1-6762917110CF}"
EndProject
Project("{FAE04EC0-301F-11D3-BF4B-00C04F79EFBC}") = "Facility", "Facility\Facility.csproj", "{86EE2A4B-D7CF-4B6C-9EB4-172954AC5BA4}"
EndProject
Project("{FAE04EC0-301F-11D3-BF4B-00C04F79EFBC}") = "ConsoleApp", "ConsoleApp\ConsoleApp.csproj", "{4C625C56-43CC-4EA9-AE47-9D5ADB3AF460}"
EndProject
Project("{FAE04EC0-301F-11D3-BF4B-00C04F79EFBC}") = "EPPlusDemo", "EPPlusDemo\EPPlusDemo.csproj", "{ADCC1FB8-5444-4C8F-B042-68D896081F23}"
EndProject
Project("{FAE04EC0-301F-11D3-BF4B-00C04F79EFBC}") = "USBDevices", "USBDevices\USBDevices.csproj", "{8751662B-9E01-4A79-B17E-0037DDEF9E44}"
EndProject
Global
	GlobalSection(SolutionConfigurationPlatforms) = preSolution
		Debug|Any CPU = Debug|Any CPU
		Release|Any CPU = Release|Any CPU
	EndGlobalSection
	GlobalSection(ProjectConfigurationPlatforms) = postSolution
		{F750E067-B565-4890-B772-676A43434934}.Debug|Any CPU.ActiveCfg = Debug|Any CPU
		{F750E067-B565-4890-B772-676A43434934}.Debug|Any CPU.Build.0 = Debug|Any CPU
		{F750E067-B565-4890-B772-676A43434934}.Release|Any CPU.ActiveCfg = Release|Any CPU
		{F750E067-B565-4890-B772-676A43434934}.Release|Any CPU.Build.0 = Release|Any CPU
		{50BBDCD8-427D-4626-B9CA-D55C3EC83EC3}.Debug|Any CPU.ActiveCfg = Debug|Any CPU
		{50BBDCD8-427D-4626-B9CA-D55C3EC83EC3}.Debug|Any CPU.Build.0 = Debug|Any CPU
		{50BBDCD8-427D-4626-B9CA-D55C3EC83EC3}.Release|Any CPU.ActiveCfg = Release|Any CPU
		{50BBDCD8-427D-4626-B9CA-D55C3EC83EC3}.Release|Any CPU.Build.0 = Release|Any CPU
		{2444C7AC-539F-40DF-A542-2B2704E818CD}.Debug|Any CPU.ActiveCfg = Debug|Any CPU
		{2444C7AC-539F-40DF-A542-2B2704E818CD}.Debug|Any CPU.Build.0 = Debug|Any CPU
		{2444C7AC-539F-40DF-A542-2B2704E818CD}.Release|Any CPU.ActiveCfg = Release|Any CPU
		{2444C7AC-539F-40DF-A542-2B2704E818CD}.Release|Any CPU.Build.0 = Release|Any CPU
		{EF2F6CA8-6231-431B-BBBF-FF3590E88622}.Debug|Any CPU.ActiveCfg = Debug|Any CPU
		{EF2F6CA8-6231-431B-BBBF-FF3590E88622}.Debug|Any CPU.Build.0 = Debug|Any CPU
		{EF2F6CA8-6231-431B-BBBF-FF3590E88622}.Release|Any CPU.ActiveCfg = Release|Any CPU
		{EF2F6CA8-6231-431B-BBBF-FF3590E88622}.Release|Any CPU.Build.0 = Release|Any CPU
		{0EDB6351-DCB9-4551-AD8C-1E7DF8639BA2}.Debug|Any CPU.ActiveCfg = Debug|Any CPU
		{0EDB6351-DCB9-4551-AD8C-1E7DF8639BA2}.Debug|Any CPU.Build.0 = Debug|Any CPU
		{0EDB6351-DCB9-4551-AD8C-1E7DF8639BA2}.Release|Any CPU.ActiveCfg = Release|Any CPU
		{0EDB6351-DCB9-4551-AD8C-1E7DF8639BA2}.Release|Any CPU.Build.0 = Release|Any CPU
		{96AE9154-1888-4785-8147-C0983B79018D}.Debug|Any CPU.ActiveCfg = Debug|Any CPU
		{96AE9154-1888-4785-8147-C0983B79018D}.Debug|Any CPU.Build.0 = Debug|Any CPU
		{96AE9154-1888-4785-8147-C0983B79018D}.Release|Any CPU.ActiveCfg = Release|Any CPU
		{96AE9154-1888-4785-8147-C0983B79018D}.Release|Any CPU.Build.0 = Release|Any CPU
		{CCD82973-2D92-435D-BAC5-5D46CDFABED0}.Debug|Any CPU.ActiveCfg = Debug|Any CPU
		{CCD82973-2D92-435D-BAC5-5D46CDFABED0}.Debug|Any CPU.Build.0 = Debug|Any CPU
		{CCD82973-2D92-435D-BAC5-5D46CDFABED0}.Release|Any CPU.ActiveCfg = Release|Any CPU
		{CCD82973-2D92-435D-BAC5-5D46CDFABED0}.Release|Any CPU.Build.0 = Release|Any CPU
		{B622512E-5A8F-4AD3-800C-F1F99FE44C29}.Debug|Any CPU.ActiveCfg = Debug|Any CPU
		{B622512E-5A8F-4AD3-800C-F1F99FE44C29}.Debug|Any CPU.Build.0 = Debug|Any CPU
		{B622512E-5A8F-4AD3-800C-F1F99FE44C29}.Release|Any CPU.ActiveCfg = Release|Any CPU
		{B622512E-5A8F-4AD3-800C-F1F99FE44C29}.Release|Any CPU.Build.0 = Release|Any CPU
		{1657B4BC-5C3A-4BF5-92B2-A37851092B77}.Debug|Any CPU.ActiveCfg = Debug|Any CPU
		{1657B4BC-5C3A-4BF5-92B2-A37851092B77}.Debug|Any CPU.Build.0 = Debug|Any CPU
		{1657B4BC-5C3A-4BF5-92B2-A37851092B77}.Release|Any CPU.ActiveCfg = Release|Any CPU
		{1657B4BC-5C3A-4BF5-92B2-A37851092B77}.Release|Any CPU.Build.0 = Release|Any CPU
		{C5ED5C9F-519A-431C-8F71-007681D0F825}.Debug|Any CPU.ActiveCfg = Debug|Any CPU
		{C5ED5C9F-519A-431C-8F71-007681D0F825}.Debug|Any CPU.Build.0 = Debug|Any CPU
		{C5ED5C9F-519A-431C-8F71-007681D0F825}.Release|Any CPU.ActiveCfg = Release|Any CPU
		{C5ED5C9F-519A-431C-8F71-007681D0F825}.Release|Any CPU.Build.0 = Release|Any CPU
		{C0101822-F720-4EB1-8457-CC4DDB784EA8}.Debug|Any CPU.ActiveCfg = Debug|Any CPU
		{C0101822-F720-4EB1-8457-CC4DDB784EA8}.Debug|Any CPU.Build.0 = Debug|Any CPU
		{C0101822-F720-4EB1-8457-CC4DDB784EA8}.Release|Any CPU.ActiveCfg = Release|Any CPU
		{C0101822-F720-4EB1-8457-CC4DDB784EA8}.Release|Any CPU.Build.0 = Release|Any CPU
		{9D2A595D-EC5E-4ED8-AC44-7D2608CF7947}.Debug|Any CPU.ActiveCfg = Debug|Any CPU
		{9D2A595D-EC5E-4ED8-AC44-7D2608CF7947}.Debug|Any CPU.Build.0 = Debug|Any CPU
		{9D2A595D-EC5E-4ED8-AC44-7D2608CF7947}.Release|Any CPU.ActiveCfg = Release|Any CPU
		{9D2A595D-EC5E-4ED8-AC44-7D2608CF7947}.Release|Any CPU.Build.0 = Release|Any CPU
		{A3792E36-2C98-4B16-9EB9-AA5F85C7CBFA}.Debug|Any CPU.ActiveCfg = Debug|Any CPU
		{A3792E36-2C98-4B16-9EB9-AA5F85C7CBFA}.Debug|Any CPU.Build.0 = Debug|Any CPU
		{A3792E36-2C98-4B16-9EB9-AA5F85C7CBFA}.Release|Any CPU.ActiveCfg = Release|Any CPU
		{A3792E36-2C98-4B16-9EB9-AA5F85C7CBFA}.Release|Any CPU.Build.0 = Release|Any CPU
		{AFE3A7F4-0CE5-4059-B86B-B0248D5A4067}.Debug|Any CPU.ActiveCfg = Debug|Any CPU
		{AFE3A7F4-0CE5-4059-B86B-B0248D5A4067}.Debug|Any CPU.Build.0 = Debug|Any CPU
		{AFE3A7F4-0CE5-4059-B86B-B0248D5A4067}.Release|Any CPU.ActiveCfg = Release|Any CPU
		{AFE3A7F4-0CE5-4059-B86B-B0248D5A4067}.Release|Any CPU.Build.0 = Release|Any CPU
		{6448C2AA-555E-43F8-94B1-6762917110CF}.Debug|Any CPU.ActiveCfg = Debug|Any CPU
		{6448C2AA-555E-43F8-94B1-6762917110CF}.Debug|Any CPU.Build.0 = Debug|Any CPU
		{6448C2AA-555E-43F8-94B1-6762917110CF}.Release|Any CPU.ActiveCfg = Release|Any CPU
		{6448C2AA-555E-43F8-94B1-6762917110CF}.Release|Any CPU.Build.0 = Release|Any CPU
		{86EE2A4B-D7CF-4B6C-9EB4-172954AC5BA4}.Debug|Any CPU.ActiveCfg = Debug|Any CPU
		{86EE2A4B-D7CF-4B6C-9EB4-172954AC5BA4}.Debug|Any CPU.Build.0 = Debug|Any CPU
		{86EE2A4B-D7CF-4B6C-9EB4-172954AC5BA4}.Release|Any CPU.ActiveCfg = Release|Any CPU
		{86EE2A4B-D7CF-4B6C-9EB4-172954AC5BA4}.Release|Any CPU.Build.0 = Release|Any CPU
		{4C625C56-43CC-4EA9-AE47-9D5ADB3AF460}.Debug|Any CPU.ActiveCfg = Debug|Any CPU
		{4C625C56-43CC-4EA9-AE47-9D5ADB3AF460}.Debug|Any CPU.Build.0 = Debug|Any CPU
		{4C625C56-43CC-4EA9-AE47-9D5ADB3AF460}.Release|Any CPU.ActiveCfg = Release|Any CPU
		{4C625C56-43CC-4EA9-AE47-9D5ADB3AF460}.Release|Any CPU.Build.0 = Release|Any CPU
		{ADCC1FB8-5444-4C8F-B042-68D896081F23}.Debug|Any CPU.ActiveCfg = Debug|Any CPU
		{ADCC1FB8-5444-4C8F-B042-68D896081F23}.Debug|Any CPU.Build.0 = Debug|Any CPU
		{ADCC1FB8-5444-4C8F-B042-68D896081F23}.Release|Any CPU.ActiveCfg = Release|Any CPU
		{ADCC1FB8-5444-4C8F-B042-68D896081F23}.Release|Any CPU.Build.0 = Release|Any CPU
		{8751662B-9E01-4A79-B17E-0037DDEF9E44}.Debug|Any CPU.ActiveCfg = Debug|Any CPU
		{8751662B-9E01-4A79-B17E-0037DDEF9E44}.Debug|Any CPU.Build.0 = Debug|Any CPU
		{8751662B-9E01-4A79-B17E-0037DDEF9E44}.Release|Any CPU.ActiveCfg = Release|Any CPU
		{8751662B-9E01-4A79-B17E-0037DDEF9E44}.Release|Any CPU.Build.0 = Release|Any CPU
	EndGlobalSection
	GlobalSection(NestedProjects) = preSolution
		{F750E067-B565-4890-B772-676A43434934} = {8E838322-09D8-43CA-B809-0CEDE7B8F0DB}
		{50BBDCD8-427D-4626-B9CA-D55C3EC83EC3} = {8E838322-09D8-43CA-B809-0CEDE7B8F0DB}
		{C0101822-F720-4EB1-8457-CC4DDB784EA8} = {B8DFCC43-DF4F-4A2B-AA62-C171F49A855B}
	EndGlobalSection
EndGlobal
